
Microsoft Visual Studio Solution File, Format Version 12.00
# Visual Studio 14
VisualStudioVersion = 14.0.25420.1
MinimumVisualStudioVersion = 10.0.40219.1
Project("{8BB2217D-0F2D-49D1-97BC-3654ED321F3B}") = "src", "src.xproj", "{F2F33226-1B9A-41A9-A78D-4B43E470122F}"
EndProject
Global
	GlobalSection(SolutionConfigurationPlatforms) = preSolution
		Debug|Any CPU = Debug|Any CPU
		Release|Any CPU = Release|Any CPU
	EndGlobalSection
	GlobalSection(ProjectConfigurationPlatforms) = postSolution
		{F2F33226-1B9A-41A9-A78D-4B43E470122F}.Debug|Any CPU.ActiveCfg = Debug|Any CPU
		{F2F33226-1B9A-41A9-A78D-4B43E470122F}.Debug|Any CPU.Build.0 = Debug|Any CPU
		{F2F33226-1B9A-41A9-A78D-4B43E470122F}.Release|Any CPU.ActiveCfg = Release|Any CPU
		{F2F33226-1B9A-41A9-A78D-4B43E470122F}.Release|Any CPU.Build.0 = Release|Any CPU
	EndGlobalSection
	GlobalSection(SolutionProperties) = preSolution
		HideSolutionNode = FALSE
	EndGlobalSection
EndGlobal
